
Microsoft Visual Studio Solution File, Format Version 12.00
# Visual Studio Version 16
VisualStudioVersion = 16.0.29709.97
MinimumVisualStudioVersion = 10.0.40219.1
Project("{FAE04EC0-301F-11D3-BF4B-00C04F79EFBC}") = "FizzBuzzConsole", "FizzBuzzConsole\FizzBuzzConsole.csproj", "{BF5F0FF0-D56D-44F8-974C-291801D1C5BC}"
EndProject
Global
	GlobalSection(SolutionConfigurationPlatforms) = preSolution
		Debug|Any CPU = Debug|Any CPU
		Release|Any CPU = Release|Any CPU
	EndGlobalSection
	GlobalSection(ProjectConfigurationPlatforms) = postSolution
		{BF5F0FF0-D56D-44F8-974C-291801D1C5BC}.Debug|Any CPU.ActiveCfg = Debug|Any CPU
		{BF5F0FF0-D56D-44F8-974C-291801D1C5BC}.Debug|Any CPU.Build.0 = Debug|Any CPU
		{BF5F0FF0-D56D-44F8-974C-291801D1C5BC}.Release|Any CPU.ActiveCfg = Release|Any CPU
		{BF5F0FF0-D56D-44F8-974C-291801D1C5BC}.Release|Any CPU.Build.0 = Release|Any CPU
	EndGlobalSection
	GlobalSection(SolutionProperties) = preSolution
		HideSolutionNode = FALSE
	EndGlobalSection
	GlobalSection(ExtensibilityGlobals) = postSolution
		SolutionGuid = {1CFD6DC0-E374-40F2-8912-9934EE8B12D0}
	EndGlobalSection
EndGlobal
